// !$*UTF8*$!
{
	archiveVersion = 1;
	classes = {
	};
	objectVersion = 46;
	objects = {

/* Begin PBXBuildFile section */
		F461A4561C1B421500FA790A /* AppDelegate.m in Sources */ = {isa = PBXBuildFile; fileRef = F461A4551C1B421500FA790A /* AppDelegate.m */; };
		F461A4591C1B421500FA790A /* main.m in Sources */ = {isa = PBXBuildFile; fileRef = F461A4581C1B421500FA790A /* main.m */; };
		F461A45B1C1B421500FA790A /* Assets.xcassets in Resources */ = {isa = PBXBuildFile; fileRef = F461A45A1C1B421500FA790A /* Assets.xcassets */; };
		F461A45E1C1B421500FA790A /* MainMenu.xib in Resources */ = {isa = PBXBuildFile; fileRef = F461A45C1C1B421500FA790A /* MainMenu.xib */; };
/* End PBXBuildFile section */

/* Begin PBXFileReference section */
		F461A4511C1B421500FA790A /* SSH Browser.app */ = {isa = PBXFileReference; explicitFileType = wrapper.application; includeInIndex = 0; path = "SSH Browser.app"; sourceTree = BUILT_PRODUCTS_DIR; };
		F461A4541C1B421500FA790A /* AppDelegate.h */ = {isa = PBXFileReference; lastKnownFileType = sourcecode.c.h; path = AppDelegate.h; sourceTree = "<group>"; };
		F461A4551C1B421500FA790A /* AppDelegate.m */ = {isa = PBXFileReference; lastKnownFileType = sourcecode.c.objc; path = AppDelegate.m; sourceTree = "<group>"; };
		F461A4581C1B421500FA790A /* main.m */ = {isa = PBXFileReference; lastKnownFileType = sourcecode.c.objc; path = main.m; sourceTree = "<group>"; };
		F461A45A1C1B421500FA790A /* Assets.xcassets */ = {isa = PBXFileReference; lastKnownFileType = folder.assetcatalog; path = Assets.xcassets; sourceTree = "<group>"; };
		F461A45D1C1B421500FA790A /* Base */ = {isa = PBXFileReference; lastKnownFileType = file.xib; name = Base; path = Base.lproj/MainMenu.xib; sourceTree = "<group>"; };
		F461A45F1C1B421500FA790A /* Info.plist */ = {isa = PBXFileReference; lastKnownFileType = text.plist.xml; path = Info.plist; sourceTree = "<group>"; };
/* End PBXFileReference section */

/* Begin PBXFrameworksBuildPhase section */
		F461A44E1C1B421500FA790A /* Frameworks */ = {
			isa = PBXFrameworksBuildPhase;
			buildActionMask = 2147483647;
			files = (
			);
			runOnlyForDeploymentPostprocessing = 0;
		};
/* End PBXFrameworksBuildPhase section */

/* Begin PBXGroup section */
		F461A4481C1B421500FA790A = {
			isa = PBXGroup;
			children = (
				F461A4531C1B421500FA790A /* SSH Browser */,
				F461A4521C1B421500FA790A /* Products */,
			);
			sourceTree = "<group>";
		};
		F461A4521C1B421500FA790A /* Products */ = {
			isa = PBXGroup;
			children = (
				F461A4511C1B421500FA790A /* SSH Browser.app */,
			);
			name = Products;
			sourceTree = "<group>";
		};
		F461A4531C1B421500FA790A /* SSH Browser */ = {
			isa = PBXGroup;
			children = (
				F461A4541C1B421500FA790A /* AppDelegate.h */,
				F461A4551C1B421500FA790A /* AppDelegate.m */,
				F461A45A1C1B421500FA790A /* Assets.xcassets */,
				F461A45C1C1B421500FA790A /* MainMenu.xib */,
				F461A45F1C1B421500FA790A /* Info.plist */,
				F461A4571C1B421500FA790A /* Supporting Files */,
			);
			path = "SSH Browser";
			sourceTree = "<group>";
		};
		F461A4571C1B421500FA790A /* Supporting Files */ = {
			isa = PBXGroup;
			children = (
				F461A4581C1B421500FA790A /* main.m */,
			);
			name = "Supporting Files";
			sourceTree = "<group>";
		};
/* End PBXGroup section */

/* Begin PBXNativeTarget section */
		F461A4501C1B421500FA790A /* SSH Browser */ = {
			isa = PBXNativeTarget;
			buildConfigurationList = F461A4621C1B421500FA790A /* Build configuration list for PBXNativeTarget "SSH Browser" */;
			buildPhases = (
				F461A44D1C1B421500FA790A /* Sources */,
				F461A44E1C1B421500FA790A /* Frameworks */,
				F461A44F1C1B421500FA790A /* Resources */,
			);
			buildRules = (
			);
			dependencies = (
			);
			name = "SSH Browser";
			productName = "SSH Browser";
			productReference = F461A4511C1B421500FA790A /* SSH Browser.app */;
			productType = "com.apple.product-type.application";
		};
/* End PBXNativeTarget section */

/* Begin PBXProject section */
		F461A4491C1B421500FA790A /* Project object */ = {
			isa = PBXProject;
			attributes = {
				LastUpgradeCheck = 0710;
				ORGANIZATIONNAME = "Arne Scheffler";
				TargetAttributes = {
					F461A4501C1B421500FA790A = {
						CreatedOnToolsVersion = 7.1.1;
					};
				};
			};
			buildConfigurationList = F461A44C1C1B421500FA790A /* Build configuration list for PBXProject "SSH Browser" */;
			compatibilityVersion = "Xcode 3.2";
			developmentRegion = English;
			hasScannedForEncodings = 0;
			knownRegions = (
				en,
				Base,
			);
			mainGroup = F461A4481C1B421500FA790A;
			productRefGroup = F461A4521C1B421500FA790A /* Products */;
			projectDirPath = "";
			projectRoot = "";
			targets = (
				F461A4501C1B421500FA790A /* SSH Browser */,
			);
		};
/* End PBXProject section */

/* Begin PBXResourcesBuildPhase section */
		F461A44F1C1B421500FA790A /* Resources */ = {
			isa = PBXResourcesBuildPhase;
			buildActionMask = 2147483647;
			files = (
				F461A45B1C1B421500FA790A /* Assets.xcassets in Resources */,
				F461A45E1C1B421500FA790A /* MainMenu.xib in Resources */,
			);
			runOnlyForDeploymentPostprocessing = 0;
		};
/* End PBXResourcesBuildPhase section */

/* Begin PBXSourcesBuildPhase section */
		F461A44D1C1B421500FA790A /* Sources */ = {
			isa = PBXSourcesBuildPhase;
			buildActionMask = 2147483647;
			files = (
				F461A4591C1B421500FA790A /* main.m in Sources */,
				F461A4561C1B421500FA790A /* AppDelegate.m in Sources */,
			);
			runOnlyForDeploymentPostprocessing = 0;
		};
/* End PBXSourcesBuildPhase section */

/* Begin PBXVariantGroup section */
		F461A45C1C1B421500FA790A /* MainMenu.xib */ = {
			isa = PBXVariantGroup;
			children = (
				F461A45D1C1B421500FA790A /* Base */,
			);
			name = MainMenu.xib;
			sourceTree = "<group>";
		};
/* End PBXVariantGroup section */

/* Begin XCBuildConfiguration section */
		F461A4601C1B421500FA790A /* Debug */ = {
			isa = XCBuildConfiguration;
			buildSettings = {
				ALWAYS_SEARCH_USER_PATHS = NO;
				CLANG_CXX_LANGUAGE_STANDARD = "gnu++0x";
				CLANG_CXX_LIBRARY = "libc++";
				CLANG_ENABLE_MODULES = YES;
				CLANG_ENABLE_OBJC_ARC = YES;
				CLANG_WARN_BOOL_CONVERSION = YES;
				CLANG_WARN_CONSTANT_CONVERSION = YES;
				CLANG_WARN_DIRECT_OBJC_ISA_USAGE = YES_ERROR;
				CLANG_WARN_EMPTY_BODY = YES;
				CLANG_WARN_ENUM_CONVERSION = YES;
				CLANG_WARN_INT_CONVERSION = YES;
				CLANG_WARN_OBJC_ROOT_CLASS = YES_ERROR;
				CLANG_WARN_UNREACHABLE_CODE = YES;
				CLANG_WARN__DUPLICATE_METHOD_MATCH = YES;
				CODE_SIGN_IDENTITY = "-";
				COPY_PHASE_STRIP = NO;
				DEBUG_INFORMATION_FORMAT = dwarf;
				ENABLE_STRICT_OBJC_MSGSEND = YES;
				ENABLE_TESTABILITY = YES;
				GCC_C_LANGUAGE_STANDARD = gnu99;
				GCC_DYNAMIC_NO_PIC = NO;
				GCC_NO_COMMON_BLOCKS = YES;
				GCC_OPTIMIZATION_LEVEL = 0;
				GCC_PREPROCESSOR_DEFINITIONS = (
					"DEBUG=1",
					"$(inherited)",
				);
				GCC_WARN_64_TO_32_BIT_CONVERSION = YES;
				GCC_WARN_ABOUT_RETURN_TYPE = YES_ERROR;
				GCC_WARN_UNDECLARED_SELECTOR = YES;
				GCC_WARN_UNINITIALIZED_AUTOS = YES_AGGRESSIVE;
				GCC_WARN_UNUSED_FUNCTION = YES;
				GCC_WARN_UNUSED_VARIABLE = YES;
				MACOSX_DEPLOYMENT_TARGET = 10.11;
				MTL_ENABLE_DEBUG_INFO = YES;
				ONLY_ACTIVE_ARCH = YES;
				SDKROOT = macosx;
			};
			name = Debug;
		};
		F461A4611C1B421500FA790A /* Release */ = {
			isa = XCBuildConfiguration;
			buildSettings = {
				ALWAYS_SEARCH_USER_PATHS = NO;
				CLANG_CXX_LANGUAGE_STANDARD = "gnu++0x";
				CLANG_CXX_LIBRARY = "libc++";
				CLANG_ENABLE_MODULES = YES;
				CLANG_ENABLE_OBJC_ARC = YES;
				CLANG_WARN_BOOL_CONVERSION = YES;
				CLANG_WARN_CONSTANT_CONVERSION = YES;
				CLANG_WARN_DIRECT_OBJC_ISA_USAGE = YES_ERROR;
				CLANG_WARN_EMPTY_BODY = YES;
				CLANG_WARN_ENUM_CONVERSION = YES;
				CLANG_WARN_INT_CONVERSION = YES;
				CLANG_WARN_OBJC_ROOT_CLASS = YES_ERROR;
				CLANG_WARN_UNREACHABLE_CODE = YES;
				CLANG_WARN__DUPLICATE_METHOD_MATCH = YES;
				CODE_SIGN_IDENTITY = "-";
				COPY_PHASE_STRIP = NO;
				DEBUG_INFORMATION_FORMAT = "dwarf-with-dsym";
				ENABLE_NS_ASSERTIONS = NO;
				ENABLE_STRICT_OBJC_MSGSEND = YES;
				GCC_C_LANGUAGE_STANDARD = gnu99;
				GCC_NO_COMMON_BLOCKS = YES;
				GCC_WARN_64_TO_32_BIT_CONVERSION = YES;
				GCC_WARN_ABOUT_RETURN_TYPE = YES_ERROR;
				GCC_WARN_UNDECLARED_SELECTOR = YES;
				GCC_WARN_UNINITIALIZED_AUTOS = YES_AGGRESSIVE;
				GCC_WARN_UNUSED_FUNCTION = YES;
				GCC_WARN_UNUSED_VARIABLE = YES;
				MACOSX_DEPLOYMENT_TARGET = 10.11;
				MTL_ENABLE_DEBUG_INFO = NO;
				SDKROOT = macosx;
			};
			name = Release;
		};
		F461A4631C1B421500FA790A /* Debug */ = {
			isa = XCBuildConfiguration;
			buildSettings = {
				ASSETCATALOG_COMPILER_APPICON_NAME = AppIcon;
				COMBINE_HIDPI_IMAGES = YES;
				INFOPLIST_FILE = "SSH Browser/Info.plist";
				LD_RUNPATH_SEARCH_PATHS = "$(inherited) @executable_path/../Frameworks";
				PRODUCT_BUNDLE_IDENTIFIER = "de.knup.arne.SSH-Browser";
				PRODUCT_NAME = "$(TARGET_NAME)";
			};
			name = Debug;
		};
		F461A4641C1B421500FA790A /* Release */ = {
			isa = XCBuildConfiguration;
			buildSettings = {
				ASSETCATALOG_COMPILER_APPICON_NAME = AppIcon;
				COMBINE_HIDPI_IMAGES = YES;
				INFOPLIST_FILE = "SSH Browser/Info.plist";
				LD_RUNPATH_SEARCH_PATHS = "$(inherited) @executable_path/../Frameworks";
				PRODUCT_BUNDLE_IDENTIFIER = "de.knup.arne.SSH-Browser";
				PRODUCT_NAME = "$(TARGET_NAME)";
			};
			name = Release;
		};
/* End XCBuildConfiguration section */

/* Begin XCConfigurationList section */
		F461A44C1C1B421500FA790A /* Build configuration list for PBXProject "SSH Browser" */ = {
			isa = XCConfigurationList;
			buildConfigurations = (
				F461A4601C1B421500FA790A /* Debug */,
				F461A4611C1B421500FA790A /* Release */,
			);
			defaultConfigurationIsVisible = 0;
			defaultConfigurationName = Release;
		};
		F461A4621C1B421500FA790A /* Build configuration list for PBXNativeTarget "SSH Browser" */ = {
			isa = XCConfigurationList;
			buildConfigurations = (
				F461A4631C1B421500FA790A /* Debug */,
				F461A4641C1B421500FA790A /* Release */,
			);
			defaultConfigurationIsVisible = 0;
		};
/* End XCConfigurationList section */
	};
	rootObject = F461A4491C1B421500FA790A /* Project object */;
}
